# This file is automatically @generated by Cargo.
# It is not intended for manual editing.
version = 3

[[package]]
name = "addr2line"
version = "0.21.0"
source = "registry+https://github.com/rust-lang/crates.io-index"
checksum = "8a30b2e23b9e17a9f90641c7ab1549cd9b44f296d3ccbf309d2863cfe398a0cb"
dependencies = [
 "gimli",
]

[[package]]
name = "adler"
version = "1.0.2"
source = "registry+https://github.com/rust-lang/crates.io-index"
checksum = "f26201604c87b1e01bd3d98f8d5d9a8fcbb815e8cedb41ffccbeb4bf593a35fe"

[[package]]
name = "adler2"
version = "2.0.0"
source = "registry+https://github.com/rust-lang/crates.io-index"
checksum = "512761e0bb2578dd7380c6baaa0f4ce03e84f95e960231d1dec8bf4d7d6e2627"

[[package]]
name = "ahash"
version = "0.8.11"
source = "registry+https://github.com/rust-lang/crates.io-index"
checksum = "e89da841a80418a9b391ebaea17f5c112ffaaa96f621d2c285b5174da76b9011"
dependencies = [
 "cfg-if",
 "once_cell",
 "version_check",
 "zerocopy",
]

[[package]]
name = "aho-corasick"
version = "1.1.3"
source = "registry+https://github.com/rust-lang/crates.io-index"
checksum = "8e60d3430d3a69478ad0993f19238d2df97c507009a52b3c10addcd7f6bcb916"
dependencies = [
 "memchr",
]

[[package]]
name = "arrayref"
version = "0.3.9"
source = "registry+https://github.com/rust-lang/crates.io-index"
checksum = "76a2e8124351fda1ef8aaaa3bbd7ebbcb486bbcd4225aca0aa0d84bb2db8fecb"

[[package]]
name = "arrayvec"
version = "0.7.6"
source = "registry+https://github.com/rust-lang/crates.io-index"
checksum = "7c02d123df017efcdfbd739ef81735b36c5ba83ec3c59c80a9d7ecc718f92e50"

[[package]]
name = "autocfg"
version = "1.4.0"
source = "registry+https://github.com/rust-lang/crates.io-index"
checksum = "ace50bade8e6234aa140d9a2f552bbee1db4d353f69b8217bc503490fc1a9f26"

[[package]]
name = "aws-lc-rs"
version = "1.11.0"
source = "registry+https://github.com/rust-lang/crates.io-index"
checksum = "fe7c2840b66236045acd2607d5866e274380afd87ef99d6226e961e2cb47df45"
dependencies = [
 "aws-lc-sys",
 "mirai-annotations",
 "paste",
 "zeroize",
]

[[package]]
name = "aws-lc-sys"
version = "0.23.0"
source = "registry+https://github.com/rust-lang/crates.io-index"
checksum = "ad3a619a9de81e1d7de1f1186dcba4506ed661a0e483d84410fdef0ee87b2f96"
dependencies = [
 "bindgen",
 "cc",
 "cmake",
 "dunce",
 "fs_extra",
 "libc",
 "paste",
]

[[package]]
name = "backtrace"
version = "0.3.71"
source = "registry+https://github.com/rust-lang/crates.io-index"
checksum = "26b05800d2e817c8b3b4b54abd461726265fa9789ae34330622f2db9ee696f9d"
dependencies = [
 "addr2line",
 "cc",
 "cfg-if",
 "libc",
 "miniz_oxide 0.7.4",
 "object",
 "rustc-demangle",
]

[[package]]
name = "base64"
version = "0.22.1"
source = "registry+https://github.com/rust-lang/crates.io-index"
checksum = "72b3254f16251a8381aa12e40e3c4d2f0199f8c6508fbecb9d91f575e0fbb8c6"

[[package]]
name = "bindgen"
version = "0.69.5"
source = "registry+https://github.com/rust-lang/crates.io-index"
checksum = "271383c67ccabffb7381723dea0672a673f292304fcb45c01cc648c7a8d58088"
dependencies = [
 "bitflags 2.6.0",
 "cexpr",
 "clang-sys",
 "itertools",
 "lazy_static",
 "lazycell",
 "log",
 "prettyplease",
 "proc-macro2",
 "quote",
 "regex",
 "rustc-hash",
 "shlex",
 "syn",
 "which",
]

[[package]]
name = "bitflags"
version = "1.3.2"
source = "registry+https://github.com/rust-lang/crates.io-index"
checksum = "bef38d45163c2f1dde094a7dfd33ccf595c92905c8f8f4fdc18d06fb1037718a"

[[package]]
name = "bitflags"
version = "2.6.0"
source = "registry+https://github.com/rust-lang/crates.io-index"
checksum = "b048fb63fd8b5923fc5aa7b340d8e156aec7ec02f0c78fa8a6ddc2613f6f71de"

[[package]]
name = "bowsernet"
version = "0.1.0"
dependencies = [
 "color-eyre",
 "flate2",
 "macroquad",
 "resvg",
 "rustls",
 "rustls-platform-verifier",
 "tracing",
 "tracing-subscriber",
]

[[package]]
name = "bytemuck"
version = "1.20.0"
source = "registry+https://github.com/rust-lang/crates.io-index"
checksum = "8b37c88a63ffd85d15b406896cc343916d7cf57838a847b3a6f2ca5d39a5695a"

[[package]]
name = "byteorder"
version = "1.5.0"
source = "registry+https://github.com/rust-lang/crates.io-index"
checksum = "1fd0f2584146f6f2ef48085050886acf353beff7305ebd1ae69500e27c67f64b"

[[package]]
name = "byteorder-lite"
version = "0.1.0"
source = "registry+https://github.com/rust-lang/crates.io-index"
checksum = "8f1fe948ff07f4bd06c30984e69f5b4899c516a3ef74f34df92a2df2ab535495"

[[package]]
name = "bytes"
version = "1.8.0"
source = "registry+https://github.com/rust-lang/crates.io-index"
checksum = "9ac0150caa2ae65ca5bd83f25c7de183dea78d4d366469f148435e2acfbad0da"

[[package]]
name = "cc"
version = "1.2.1"
source = "registry+https://github.com/rust-lang/crates.io-index"
checksum = "fd9de9f2205d5ef3fd67e685b0df337994ddd4495e2a28d185500d0e1edfea47"
dependencies = [
 "jobserver",
 "libc",
 "shlex",
]

[[package]]
name = "cesu8"
version = "1.1.0"
source = "registry+https://github.com/rust-lang/crates.io-index"
checksum = "6d43a04d8753f35258c91f8ec639f792891f748a1edbd759cf1dcea3382ad83c"

[[package]]
name = "cexpr"
version = "0.6.0"
source = "registry+https://github.com/rust-lang/crates.io-index"
checksum = "6fac387a98bb7c37292057cffc56d62ecb629900026402633ae9160df93a8766"
dependencies = [
 "nom",
]

[[package]]
name = "cfg-if"
version = "1.0.0"
source = "registry+https://github.com/rust-lang/crates.io-index"
checksum = "baf1de4339761588bc0619e3cbc0120ee582ebb74b53b4efbf79117bd2da40fd"

[[package]]
name = "clang-sys"
version = "1.8.1"
source = "registry+https://github.com/rust-lang/crates.io-index"
checksum = "0b023947811758c97c59bf9d1c188fd619ad4718dcaa767947df1cadb14f39f4"
dependencies = [
 "glob",
 "libc",
 "libloading",
]

[[package]]
name = "cmake"
version = "0.1.51"
source = "registry+https://github.com/rust-lang/crates.io-index"
checksum = "fb1e43aa7fd152b1f968787f7dbcdeb306d1867ff373c69955211876c053f91a"
dependencies = [
 "cc",
]

[[package]]
name = "color-eyre"
version = "0.6.3"
source = "registry+https://github.com/rust-lang/crates.io-index"
checksum = "55146f5e46f237f7423d74111267d4597b59b0dad0ffaf7303bce9945d843ad5"
dependencies = [
 "backtrace",
 "eyre",
 "indenter",
 "once_cell",
 "owo-colors",
]

[[package]]
name = "color_quant"
version = "1.1.0"
source = "registry+https://github.com/rust-lang/crates.io-index"
checksum = "3d7b894f5411737b7867f4827955924d7c254fc9f4d91a6aad6b097804b1018b"

[[package]]
name = "combine"
version = "4.6.7"
source = "registry+https://github.com/rust-lang/crates.io-index"
checksum = "ba5a308b75df32fe02788e748662718f03fde005016435c444eea572398219fd"
dependencies = [
 "bytes",
 "memchr",
]

[[package]]
name = "core-foundation"
version = "0.9.4"
source = "registry+https://github.com/rust-lang/crates.io-index"
checksum = "91e195e091a93c46f7102ec7818a2aa394e1e1771c3ab4825963fa03e45afb8f"
dependencies = [
 "core-foundation-sys",
 "libc",
]

[[package]]
name = "core-foundation-sys"
version = "0.8.7"
source = "registry+https://github.com/rust-lang/crates.io-index"
checksum = "773648b94d0e5d620f64f280777445740e61fe701025087ec8b57f45c791888b"

[[package]]
name = "core_maths"
version = "0.1.0"
source = "registry+https://github.com/rust-lang/crates.io-index"
checksum = "e3b02505ccb8c50b0aa21ace0fc08c3e53adebd4e58caa18a36152803c7709a3"
dependencies = [
 "libm",
]

[[package]]
name = "crc32fast"
version = "1.4.2"
source = "registry+https://github.com/rust-lang/crates.io-index"
checksum = "a97769d94ddab943e4510d138150169a2758b5ef3eb191a9ee688de3e23ef7b3"
dependencies = [
 "cfg-if",
]

[[package]]
name = "data-url"
version = "0.3.1"
source = "registry+https://github.com/rust-lang/crates.io-index"
checksum = "5c297a1c74b71ae29df00c3e22dd9534821d60eb9af5a0192823fa2acea70c2a"

[[package]]
name = "dunce"
version = "1.0.5"
source = "registry+https://github.com/rust-lang/crates.io-index"
checksum = "92773504d58c093f6de2459af4af33faa518c13451eb8f2b5698ed3d36e7c813"

[[package]]
name = "either"
version = "1.13.0"
source = "registry+https://github.com/rust-lang/crates.io-index"
checksum = "60b1af1c220855b6ceac025d3f6ecdd2b7c4894bfe9cd9bda4fbb4bc7c0d4cf0"

[[package]]
name = "errno"
version = "0.3.9"
source = "registry+https://github.com/rust-lang/crates.io-index"
checksum = "534c5cf6194dfab3db3242765c03bbe257cf92f22b38f6bc0c58d59108a820ba"
dependencies = [
 "libc",
 "windows-sys 0.52.0",
]

[[package]]
name = "eyre"
version = "0.6.12"
source = "registry+https://github.com/rust-lang/crates.io-index"
checksum = "7cd915d99f24784cdc19fd37ef22b97e3ff0ae756c7e492e9fbfe897d61e2aec"
dependencies = [
 "indenter",
 "once_cell",
]

[[package]]
name = "fdeflate"
version = "0.3.6"
source = "registry+https://github.com/rust-lang/crates.io-index"
checksum = "07c6f4c64c1d33a3111c4466f7365ebdcc37c5bd1ea0d62aae2e3d722aacbedb"
dependencies = [
 "simd-adler32",
]

[[package]]
name = "flate2"
version = "1.0.35"
source = "registry+https://github.com/rust-lang/crates.io-index"
checksum = "c936bfdafb507ebbf50b8074c54fa31c5be9a1e7e5f467dd659697041407d07c"
dependencies = [
 "crc32fast",
 "miniz_oxide 0.8.0",
]

[[package]]
name = "float-cmp"
version = "0.9.0"
source = "registry+https://github.com/rust-lang/crates.io-index"
checksum = "98de4bbd547a563b716d8dfa9aad1cb19bfab00f4fa09a6a4ed21dbcf44ce9c4"

[[package]]
name = "fontconfig-parser"
version = "0.5.7"
source = "registry+https://github.com/rust-lang/crates.io-index"
checksum = "c1fcfcd44ca6e90c921fee9fa665d530b21ef1327a4c1a6c5250ea44b776ada7"
dependencies = [
 "roxmltree",
]

[[package]]
name = "fontdb"
version = "0.22.0"
source = "registry+https://github.com/rust-lang/crates.io-index"
checksum = "a3a6f9af55fb97ad673fb7a69533eb2f967648a06fa21f8c9bb2cd6d33975716"
dependencies = [
 "fontconfig-parser",
 "log",
 "memmap2",
 "slotmap",
 "tinyvec",
 "ttf-parser 0.24.1",
]

[[package]]
name = "fontdue"
version = "0.7.3"
source = "registry+https://github.com/rust-lang/crates.io-index"
checksum = "0793f5137567643cf65ea42043a538804ff0fbf288649e2141442b602d81f9bc"
dependencies = [
 "hashbrown",
 "ttf-parser 0.15.2",
]

[[package]]
name = "fs_extra"
version = "1.3.0"
source = "registry+https://github.com/rust-lang/crates.io-index"
checksum = "42703706b716c37f96a77aea830392ad231f44c9e9a67872fa5548707e11b11c"

[[package]]
name = "getrandom"
version = "0.2.15"
source = "registry+https://github.com/rust-lang/crates.io-index"
checksum = "c4567c8db10ae91089c99af84c68c38da3ec2f087c3f82960bcdbf3656b6f4d7"
dependencies = [
 "cfg-if",
 "libc",
 "wasi",
]

[[package]]
name = "gif"
version = "0.13.1"
source = "registry+https://github.com/rust-lang/crates.io-index"
checksum = "3fb2d69b19215e18bb912fa30f7ce15846e301408695e44e0ef719f1da9e19f2"
dependencies = [
 "color_quant",
 "weezl",
]

[[package]]
name = "gimli"
version = "0.28.1"
source = "registry+https://github.com/rust-lang/crates.io-index"
checksum = "4271d37baee1b8c7e4b708028c57d816cf9d2434acb33a549475f78c181f6253"

[[package]]
name = "glam"
version = "0.27.0"
source = "registry+https://github.com/rust-lang/crates.io-index"
checksum = "9e05e7e6723e3455f4818c7b26e855439f7546cf617ef669d1adedb8669e5cb9"

[[package]]
name = "glob"
version = "0.3.1"
source = "registry+https://github.com/rust-lang/crates.io-index"
checksum = "d2fabcfbdc87f4758337ca535fb41a6d701b65693ce38287d856d1674551ec9b"

[[package]]
name = "hashbrown"
version = "0.13.2"
source = "registry+https://github.com/rust-lang/crates.io-index"
checksum = "43a3c133739dddd0d2990f9a4bdf8eb4b21ef50e4851ca85ab661199821d510e"
dependencies = [
 "ahash",
]

[[package]]
name = "home"
version = "0.5.9"
source = "registry+https://github.com/rust-lang/crates.io-index"
checksum = "e3d1354bf6b7235cb4a0576c2619fd4ed18183f689b12b006a0ee7329eeff9a5"
dependencies = [
 "windows-sys 0.52.0",
]

[[package]]
name = "image"
version = "0.24.9"
source = "registry+https://github.com/rust-lang/crates.io-index"
checksum = "5690139d2f55868e080017335e4b94cb7414274c74f1669c84fb5feba2c9f69d"
dependencies = [
 "bytemuck",
 "byteorder",
 "color_quant",
 "num-traits",
 "png",
]

[[package]]
name = "image-webp"
version = "0.1.3"
source = "registry+https://github.com/rust-lang/crates.io-index"
checksum = "f79afb8cbee2ef20f59ccd477a218c12a93943d075b492015ecb1bb81f8ee904"
dependencies = [
 "byteorder-lite",
 "quick-error",
]

[[package]]
name = "imagesize"
version = "0.13.0"
source = "registry+https://github.com/rust-lang/crates.io-index"
checksum = "edcd27d72f2f071c64249075f42e205ff93c9a4c5f6c6da53e79ed9f9832c285"

[[package]]
name = "indenter"
version = "0.3.3"
source = "registry+https://github.com/rust-lang/crates.io-index"
checksum = "ce23b50ad8242c51a442f3ff322d56b02f08852c77e4c0b4d3fd684abc89c683"

[[package]]
name = "itertools"
version = "0.12.1"
source = "registry+https://github.com/rust-lang/crates.io-index"
checksum = "ba291022dbbd398a455acf126c1e341954079855bc60dfdda641363bd6922569"
dependencies = [
 "either",
]

[[package]]
name = "jni"
version = "0.19.0"
source = "registry+https://github.com/rust-lang/crates.io-index"
checksum = "c6df18c2e3db7e453d3c6ac5b3e9d5182664d28788126d39b91f2d1e22b017ec"
dependencies = [
 "cesu8",
 "combine",
 "jni-sys",
 "log",
 "thiserror",
 "walkdir",
]

[[package]]
name = "jni-sys"
version = "0.3.0"
source = "registry+https://github.com/rust-lang/crates.io-index"
checksum = "8eaf4bc02d17cbdd7ff4c7438cafcdf7fb9a4613313ad11b4f8fefe7d3fa0130"

[[package]]
name = "jobserver"
version = "0.1.32"
source = "registry+https://github.com/rust-lang/crates.io-index"
checksum = "48d1dbcbbeb6a7fec7e059840aa538bd62aaccf972c7346c4d9d2059312853d0"
dependencies = [
 "libc",
]

[[package]]
name = "kurbo"
version = "0.11.1"
source = "registry+https://github.com/rust-lang/crates.io-index"
checksum = "89234b2cc610a7dd927ebde6b41dd1a5d4214cffaef4cf1fb2195d592f92518f"
dependencies = [
 "arrayvec",
 "smallvec",
]

[[package]]
name = "lazy_static"
version = "1.5.0"
source = "registry+https://github.com/rust-lang/crates.io-index"
checksum = "bbd2bcb4c963f2ddae06a2efc7e9f3591312473c50c6685e1f298068316e66fe"

[[package]]
name = "lazycell"
version = "1.3.0"
source = "registry+https://github.com/rust-lang/crates.io-index"
checksum = "830d08ce1d1d941e6b30645f1a0eb5643013d835ce3779a5fc208261dbe10f55"

[[package]]
name = "libc"
version = "0.2.164"
source = "registry+https://github.com/rust-lang/crates.io-index"
checksum = "433bfe06b8c75da9b2e3fbea6e5329ff87748f0b144ef75306e674c3f6f7c13f"

[[package]]
name = "libloading"
version = "0.8.5"
source = "registry+https://github.com/rust-lang/crates.io-index"
checksum = "4979f22fdb869068da03c9f7528f8297c6fd2606bc3a4affe42e6a823fdb8da4"
dependencies = [
 "cfg-if",
 "windows-targets",
]

[[package]]
name = "libm"
version = "0.2.11"
source = "registry+https://github.com/rust-lang/crates.io-index"
checksum = "8355be11b20d696c8f18f6cc018c4e372165b1fa8126cef092399c9951984ffa"

[[package]]
name = "linux-raw-sys"
version = "0.4.14"
source = "registry+https://github.com/rust-lang/crates.io-index"
checksum = "78b3ae25bc7c8c38cec158d1f2757ee79e9b3740fbc7ccf0e59e4b08d793fa89"

[[package]]
name = "log"
version = "0.4.22"
source = "registry+https://github.com/rust-lang/crates.io-index"
checksum = "a7a70ba024b9dc04c27ea2f0c0548feb474ec5c54bba33a7f72f873a39d07b24"

[[package]]
name = "macroquad"
version = "0.4.13"
source = "registry+https://github.com/rust-lang/crates.io-index"
checksum = "81fef16b2d4de22ac372b5d7d76273c0ead0a31f9de9bc649af8f816816db8a8"
dependencies = [
 "fontdue",
 "glam",
 "image",
 "macroquad_macro",
 "miniquad",
 "quad-rand",
 "slotmap",
]

[[package]]
name = "macroquad_macro"
version = "0.1.8"
source = "registry+https://github.com/rust-lang/crates.io-index"
checksum = "64b1d96218903768c1ce078b657c0d5965465c95a60d2682fd97443c9d2483dd"

[[package]]
name = "malloc_buf"
version = "0.0.6"
source = "registry+https://github.com/rust-lang/crates.io-index"
checksum = "62bb907fe88d54d8d9ce32a3cceab4218ed2f6b7d35617cafe9adf84e43919cb"
dependencies = [
 "libc",
]

[[package]]
name = "matchers"
version = "0.1.0"
source = "registry+https://github.com/rust-lang/crates.io-index"
checksum = "8263075bb86c5a1b1427b5ae862e8889656f126e9f77c484496e8b47cf5c5558"
dependencies = [
 "regex-automata 0.1.10",
]

[[package]]
name = "memchr"
version = "2.7.4"
source = "registry+https://github.com/rust-lang/crates.io-index"
checksum = "78ca9ab1a0babb1e7d5695e3530886289c18cf2f87ec19a575a0abdce112e3a3"

[[package]]
name = "memmap2"
version = "0.9.5"
source = "registry+https://github.com/rust-lang/crates.io-index"
checksum = "fd3f7eed9d3848f8b98834af67102b720745c4ec028fcd0aa0239277e7de374f"
dependencies = [
 "libc",
]

[[package]]
name = "minimal-lexical"
version = "0.2.1"
source = "registry+https://github.com/rust-lang/crates.io-index"
checksum = "68354c5c6bd36d73ff3feceb05efa59b6acb7626617f4962be322a825e61f79a"

[[package]]
name = "miniquad"
version = "0.4.6"
source = "registry+https://github.com/rust-lang/crates.io-index"
checksum = "2124e5e6bab86d96f263d78dc763c29e0da4c4f7ff0e1bb33f1d3905d1121262"
dependencies = [
 "libc",
 "ndk-sys",
 "objc",
 "winapi",
]

[[package]]
name = "miniz_oxide"
version = "0.7.4"
source = "registry+https://github.com/rust-lang/crates.io-index"
checksum = "b8a240ddb74feaf34a79a7add65a741f3167852fba007066dcac1ca548d89c08"
dependencies = [
 "adler",
]

[[package]]
name = "miniz_oxide"
version = "0.8.0"
source = "registry+https://github.com/rust-lang/crates.io-index"
checksum = "e2d80299ef12ff69b16a84bb182e3b9df68b5a91574d3d4fa6e41b65deec4df1"
dependencies = [
 "adler2",
 "simd-adler32",
]

[[package]]
name = "mirai-annotations"
version = "1.12.0"
source = "registry+https://github.com/rust-lang/crates.io-index"
checksum = "c9be0862c1b3f26a88803c4a49de6889c10e608b3ee9344e6ef5b45fb37ad3d1"

[[package]]
name = "ndk-sys"
version = "0.2.2"
source = "registry+https://github.com/rust-lang/crates.io-index"
checksum = "e1bcdd74c20ad5d95aacd60ef9ba40fdf77f767051040541df557b7a9b2a2121"

[[package]]
name = "nom"
version = "7.1.3"
source = "registry+https://github.com/rust-lang/crates.io-index"
checksum = "d273983c5a657a70a3e8f2a01329822f3b8c8172b73826411a55751e404a0a4a"
dependencies = [
 "memchr",
 "minimal-lexical",
]

[[package]]
name = "nu-ansi-term"
version = "0.46.0"
source = "registry+https://github.com/rust-lang/crates.io-index"
checksum = "77a8165726e8236064dbb45459242600304b42a5ea24ee2948e18e023bf7ba84"
dependencies = [
 "overload",
 "winapi",
]

[[package]]
name = "num-bigint"
version = "0.4.6"
source = "registry+https://github.com/rust-lang/crates.io-index"
checksum = "a5e44f723f1133c9deac646763579fdb3ac745e418f2a7af9cd0c431da1f20b9"
dependencies = [
 "num-integer",
 "num-traits",
]

[[package]]
name = "num-integer"
version = "0.1.46"
source = "registry+https://github.com/rust-lang/crates.io-index"
checksum = "7969661fd2958a5cb096e56c8e1ad0444ac2bbcd0061bd28660485a44879858f"
dependencies = [
 "num-traits",
]

[[package]]
name = "num-traits"
version = "0.2.19"
source = "registry+https://github.com/rust-lang/crates.io-index"
checksum = "071dfc062690e90b734c0b2273ce72ad0ffa95f0c74596bc250dcfd960262841"
dependencies = [
 "autocfg",
]

[[package]]
name = "objc"
version = "0.2.7"
source = "registry+https://github.com/rust-lang/crates.io-index"
checksum = "915b1b472bc21c53464d6c8461c9d3af805ba1ef837e1cac254428f4a77177b1"
dependencies = [
 "malloc_buf",
]

[[package]]
name = "object"
version = "0.32.2"
source = "registry+https://github.com/rust-lang/crates.io-index"
checksum = "a6a622008b6e321afc04970976f62ee297fdbaa6f95318ca343e3eebb9648441"
dependencies = [
 "memchr",
]

[[package]]
name = "once_cell"
version = "1.20.2"
source = "registry+https://github.com/rust-lang/crates.io-index"
checksum = "1261fe7e33c73b354eab43b1273a57c8f967d0391e80353e51f764ac02cf6775"

[[package]]
name = "openssl-probe"
version = "0.1.5"
source = "registry+https://github.com/rust-lang/crates.io-index"
checksum = "ff011a302c396a5197692431fc1948019154afc178baf7d8e37367442a4601cf"

[[package]]
name = "overload"
version = "0.1.1"
source = "registry+https://github.com/rust-lang/crates.io-index"
checksum = "b15813163c1d831bf4a13c3610c05c0d03b39feb07f7e09fa234dac9b15aaf39"

[[package]]
name = "owo-colors"
version = "3.5.0"
source = "registry+https://github.com/rust-lang/crates.io-index"
checksum = "c1b04fb49957986fdce4d6ee7a65027d55d4b6d2265e5848bbb507b58ccfdb6f"

[[package]]
name = "paste"
version = "1.0.15"
source = "registry+https://github.com/rust-lang/crates.io-index"
checksum = "57c0d7b74b563b49d38dae00a0c37d4d6de9b432382b2892f0574ddcae73fd0a"

[[package]]
name = "pico-args"
version = "0.5.0"
source = "registry+https://github.com/rust-lang/crates.io-index"
checksum = "5be167a7af36ee22fe3115051bc51f6e6c7054c9348e28deb4f49bd6f705a315"

[[package]]
name = "pin-project-lite"
version = "0.2.15"
source = "registry+https://github.com/rust-lang/crates.io-index"
checksum = "915a1e146535de9163f3987b8944ed8cf49a18bb0056bcebcdcece385cece4ff"

[[package]]
name = "png"
version = "0.17.14"
source = "registry+https://github.com/rust-lang/crates.io-index"
checksum = "52f9d46a34a05a6a57566bc2bfae066ef07585a6e3fa30fbbdff5936380623f0"
dependencies = [
 "bitflags 1.3.2",
 "crc32fast",
 "fdeflate",
 "flate2",
 "miniz_oxide 0.8.0",
]

[[package]]
name = "prettyplease"
version = "0.2.25"
source = "registry+https://github.com/rust-lang/crates.io-index"
checksum = "64d1ec885c64d0457d564db4ec299b2dae3f9c02808b8ad9c3a089c591b18033"
dependencies = [
 "proc-macro2",
 "syn",
]

[[package]]
name = "proc-macro2"
version = "1.0.89"
source = "registry+https://github.com/rust-lang/crates.io-index"
checksum = "f139b0662de085916d1fb67d2b4169d1addddda1919e696f3252b740b629986e"
dependencies = [
 "unicode-ident",
]

[[package]]
name = "quad-rand"
version = "0.2.3"
source = "registry+https://github.com/rust-lang/crates.io-index"
checksum = "5a651516ddc9168ebd67b24afd085a718be02f8858fe406591b013d101ce2f40"

[[package]]
name = "quick-error"
version = "2.0.1"
source = "registry+https://github.com/rust-lang/crates.io-index"
checksum = "a993555f31e5a609f617c12db6250dedcac1b0a85076912c436e6fc9b2c8e6a3"

[[package]]
name = "quote"
version = "1.0.37"
source = "registry+https://github.com/rust-lang/crates.io-index"
checksum = "b5b9d34b8991d19d98081b46eacdd8eb58c6f2b201139f7c5f643cc155a633af"
dependencies = [
 "proc-macro2",
]

[[package]]
name = "regex"
version = "1.11.1"
source = "registry+https://github.com/rust-lang/crates.io-index"
checksum = "b544ef1b4eac5dc2db33ea63606ae9ffcfac26c1416a2806ae0bf5f56b201191"
dependencies = [
 "aho-corasick",
 "memchr",
 "regex-automata 0.4.9",
 "regex-syntax 0.8.5",
]

[[package]]
name = "regex-automata"
version = "0.1.10"
source = "registry+https://github.com/rust-lang/crates.io-index"
checksum = "6c230d73fb8d8c1b9c0b3135c5142a8acee3a0558fb8db5cf1cb65f8d7862132"
dependencies = [
 "regex-syntax 0.6.29",
]

[[package]]
name = "regex-automata"
version = "0.4.9"
source = "registry+https://github.com/rust-lang/crates.io-index"
checksum = "809e8dc61f6de73b46c85f4c96486310fe304c434cfa43669d7b40f711150908"
dependencies = [
 "aho-corasick",
 "memchr",
 "regex-syntax 0.8.5",
]

[[package]]
name = "regex-syntax"
version = "0.6.29"
source = "registry+https://github.com/rust-lang/crates.io-index"
checksum = "f162c6dd7b008981e4d40210aca20b4bd0f9b60ca9271061b07f78537722f2e1"

[[package]]
name = "regex-syntax"
version = "0.8.5"
source = "registry+https://github.com/rust-lang/crates.io-index"
checksum = "2b15c43186be67a4fd63bee50d0303afffcef381492ebe2c5d87f324e1b8815c"

[[package]]
name = "resvg"
version = "0.44.0"
source = "registry+https://github.com/rust-lang/crates.io-index"
checksum = "4a325d5e8d1cebddd070b13f44cec8071594ab67d1012797c121f27a669b7958"
dependencies = [
 "gif",
 "image-webp",
 "log",
 "pico-args",
 "rgb",
 "svgtypes",
 "tiny-skia",
 "usvg",
 "zune-jpeg",
]

[[package]]
name = "rgb"
version = "0.8.50"
source = "registry+https://github.com/rust-lang/crates.io-index"
checksum = "57397d16646700483b67d2dd6511d79318f9d057fdbd21a4066aeac8b41d310a"
dependencies = [
 "bytemuck",
]

[[package]]
name = "ring"
version = "0.17.8"
source = "registry+https://github.com/rust-lang/crates.io-index"
checksum = "c17fa4cb658e3583423e915b9f3acc01cceaee1860e33d59ebae66adc3a2dc0d"
dependencies = [
 "cc",
 "cfg-if",
 "getrandom",
 "libc",
 "spin",
 "untrusted",
 "windows-sys 0.52.0",
]

[[package]]
name = "roxmltree"
version = "0.20.0"
source = "registry+https://github.com/rust-lang/crates.io-index"
checksum = "6c20b6793b5c2fa6553b250154b78d6d0db37e72700ae35fad9387a46f487c97"

[[package]]
name = "rustc-demangle"
version = "0.1.24"
source = "registry+https://github.com/rust-lang/crates.io-index"
checksum = "719b953e2095829ee67db738b3bfa9fa368c94900df327b3f07fe6e794d2fe1f"

[[package]]
name = "rustc-hash"
version = "1.1.0"
source = "registry+https://github.com/rust-lang/crates.io-index"
checksum = "08d43f7aa6b08d49f382cde6a7982047c3426db949b1424bc4b7ec9ae12c6ce2"

[[package]]
name = "rustix"
version = "0.38.41"
source = "registry+https://github.com/rust-lang/crates.io-index"
checksum = "d7f649912bc1495e167a6edee79151c84b1bad49748cb4f1f1167f459f6224f6"
dependencies = [
 "bitflags 2.6.0",
 "errno",
 "libc",
 "linux-raw-sys",
 "windows-sys 0.52.0",
]

[[package]]
name = "rustls"
version = "0.23.17"
source = "registry+https://github.com/rust-lang/crates.io-index"
checksum = "7f1a745511c54ba6d4465e8d5dfbd81b45791756de28d4981af70d6dca128f1e"
dependencies = [
 "aws-lc-rs",
 "log",
 "once_cell",
 "rustls-pki-types",
 "rustls-webpki",
 "subtle",
 "zeroize",
]

[[package]]
name = "rustls-native-certs"
version = "0.7.3"
source = "registry+https://github.com/rust-lang/crates.io-index"
checksum = "e5bfb394eeed242e909609f56089eecfe5fda225042e8b171791b9c95f5931e5"
dependencies = [
 "openssl-probe",
 "rustls-pemfile",
 "rustls-pki-types",
 "schannel",
 "security-framework",
]

[[package]]
name = "rustls-pemfile"
version = "2.2.0"
source = "registry+https://github.com/rust-lang/crates.io-index"
checksum = "dce314e5fee3f39953d46bb63bb8a46d40c2f8fb7cc5a3b6cab2bde9721d6e50"
dependencies = [
 "rustls-pki-types",
]

[[package]]
name = "rustls-pki-types"
version = "1.10.0"
source = "registry+https://github.com/rust-lang/crates.io-index"
checksum = "16f1201b3c9a7ee8039bcadc17b7e605e2945b27eee7631788c1bd2b0643674b"

[[package]]
name = "rustls-platform-verifier"
version = "0.4.0"
source = "registry+https://github.com/rust-lang/crates.io-index"
checksum = "a4c7dc240fec5517e6c4eab3310438636cfe6391dfc345ba013109909a90d136"
dependencies = [
 "core-foundation",
 "core-foundation-sys",
 "jni",
 "log",
 "once_cell",
 "rustls",
 "rustls-native-certs",
 "rustls-platform-verifier-android",
 "rustls-webpki",
 "security-framework",
 "security-framework-sys",
 "webpki-root-certs",
 "windows-sys 0.52.0",
]

[[package]]
name = "rustls-platform-verifier-android"
version = "0.1.1"
source = "registry+https://github.com/rust-lang/crates.io-index"
checksum = "f87165f0995f63a9fbeea62b64d10b4d9d8e78ec6d7d51fb2125fda7bb36788f"

[[package]]
name = "rustls-webpki"
version = "0.102.8"
source = "registry+https://github.com/rust-lang/crates.io-index"
checksum = "64ca1bc8749bd4cf37b5ce386cc146580777b4e8572c7b97baf22c83f444bee9"
dependencies = [
 "aws-lc-rs",
 "ring",
 "rustls-pki-types",
 "untrusted",
]

[[package]]
name = "rustybuzz"
version = "0.18.0"
source = "registry+https://github.com/rust-lang/crates.io-index"
checksum = "c85d1ccd519e61834798eb52c4e886e8c2d7d698dd3d6ce0b1b47eb8557f1181"
dependencies = [
 "bitflags 2.6.0",
 "bytemuck",
 "core_maths",
 "log",
 "smallvec",
 "ttf-parser 0.24.1",
 "unicode-bidi-mirroring",
 "unicode-ccc",
 "unicode-properties",
 "unicode-script",
]

[[package]]
name = "same-file"
version = "1.0.6"
source = "registry+https://github.com/rust-lang/crates.io-index"
checksum = "93fc1dc3aaa9bfed95e02e6eadabb4baf7e3078b0bd1b4d7b6b0b68378900502"
dependencies = [
 "winapi-util",
]

[[package]]
name = "schannel"
version = "0.1.27"
source = "registry+https://github.com/rust-lang/crates.io-index"
checksum = "1f29ebaa345f945cec9fbbc532eb307f0fdad8161f281b6369539c8d84876b3d"
dependencies = [
 "windows-sys 0.59.0",
]

[[package]]
name = "security-framework"
version = "2.11.1"
source = "registry+https://github.com/rust-lang/crates.io-index"
checksum = "897b2245f0b511c87893af39b033e5ca9cce68824c4d7e7630b5a1d339658d02"
dependencies = [
 "bitflags 2.6.0",
 "core-foundation",
 "core-foundation-sys",
 "libc",
 "num-bigint",
 "security-framework-sys",
]

[[package]]
name = "security-framework-sys"
version = "2.12.1"
source = "registry+https://github.com/rust-lang/crates.io-index"
checksum = "fa39c7303dc58b5543c94d22c1766b0d31f2ee58306363ea622b10bbc075eaa2"
dependencies = [
 "core-foundation-sys",
 "libc",
]

[[package]]
name = "sharded-slab"
version = "0.1.7"
source = "registry+https://github.com/rust-lang/crates.io-index"
checksum = "f40ca3c46823713e0d4209592e8d6e826aa57e928f09752619fc696c499637f6"
dependencies = [
 "lazy_static",
]

[[package]]
name = "shlex"
version = "1.3.0"
source = "registry+https://github.com/rust-lang/crates.io-index"
checksum = "0fda2ff0d084019ba4d7c6f371c95d8fd75ce3524c3cb8fb653a3023f6323e64"

[[package]]
name = "simd-adler32"
version = "0.3.7"
source = "registry+https://github.com/rust-lang/crates.io-index"
checksum = "d66dc143e6b11c1eddc06d5c423cfc97062865baf299914ab64caa38182078fe"

[[package]]
name = "simplecss"
version = "0.2.1"
source = "registry+https://github.com/rust-lang/crates.io-index"
checksum = "a11be7c62927d9427e9f40f3444d5499d868648e2edbc4e2116de69e7ec0e89d"
dependencies = [
 "log",
]

[[package]]
name = "siphasher"
version = "1.0.1"
source = "registry+https://github.com/rust-lang/crates.io-index"
checksum = "56199f7ddabf13fe5074ce809e7d3f42b42ae711800501b5b16ea82ad029c39d"

[[package]]
name = "slotmap"
version = "1.0.7"
source = "registry+https://github.com/rust-lang/crates.io-index"
checksum = "dbff4acf519f630b3a3ddcfaea6c06b42174d9a44bc70c620e9ed1649d58b82a"
dependencies = [
 "version_check",
]

[[package]]
name = "smallvec"
version = "1.13.2"
source = "registry+https://github.com/rust-lang/crates.io-index"
checksum = "3c5e1a9a646d36c3599cd173a41282daf47c44583ad367b8e6837255952e5c67"

[[package]]
name = "spin"
version = "0.9.8"
source = "registry+https://github.com/rust-lang/crates.io-index"
checksum = "6980e8d7511241f8acf4aebddbb1ff938df5eebe98691418c4468d0b72a96a67"

[[package]]
name = "strict-num"
version = "0.1.1"
source = "registry+https://github.com/rust-lang/crates.io-index"
checksum = "6637bab7722d379c8b41ba849228d680cc12d0a45ba1fa2b48f2a30577a06731"
dependencies = [
 "float-cmp",
]

[[package]]
name = "subtle"
version = "2.6.1"
source = "registry+https://github.com/rust-lang/crates.io-index"
checksum = "13c2bddecc57b384dee18652358fb23172facb8a2c51ccc10d74c157bdea3292"

[[package]]
name = "svgtypes"
version = "0.15.2"
source = "registry+https://github.com/rust-lang/crates.io-index"
checksum = "794de53cc48eaabeed0ab6a3404a65f40b3e38c067e4435883a65d2aa4ca000e"
dependencies = [
 "kurbo",
 "siphasher",
]

[[package]]
name = "syn"
version = "2.0.87"
source = "registry+https://github.com/rust-lang/crates.io-index"
checksum = "25aa4ce346d03a6dcd68dd8b4010bcb74e54e62c90c573f394c46eae99aba32d"
dependencies = [
 "proc-macro2",
 "quote",
 "unicode-ident",
]

[[package]]
name = "thiserror"
version = "1.0.69"
source = "registry+https://github.com/rust-lang/crates.io-index"
checksum = "b6aaf5339b578ea85b50e080feb250a3e8ae8cfcdff9a461c9ec2904bc923f52"
dependencies = [
 "thiserror-impl",
]

[[package]]
name = "thiserror-impl"
version = "1.0.69"
source = "registry+https://github.com/rust-lang/crates.io-index"
checksum = "4fee6c4efc90059e10f81e6d42c60a18f76588c3d74cb83a0b242a2b6c7504c1"
dependencies = [
 "proc-macro2",
 "quote",
 "syn",
]

[[package]]
name = "thread_local"
version = "1.1.8"
source = "registry+https://github.com/rust-lang/crates.io-index"
checksum = "8b9ef9bad013ada3808854ceac7b46812a6465ba368859a37e2100283d2d719c"
dependencies = [
 "cfg-if",
 "once_cell",
]

[[package]]
name = "tiny-skia"
version = "0.11.4"
source = "registry+https://github.com/rust-lang/crates.io-index"
checksum = "83d13394d44dae3207b52a326c0c85a8bf87f1541f23b0d143811088497b09ab"
dependencies = [
 "arrayref",
 "arrayvec",
 "bytemuck",
 "cfg-if",
 "log",
 "png",
 "tiny-skia-path",
]

[[package]]
name = "tiny-skia-path"
version = "0.11.4"
source = "registry+https://github.com/rust-lang/crates.io-index"
checksum = "9c9e7fc0c2e86a30b117d0462aa261b72b7a99b7ebd7deb3a14ceda95c5bdc93"
dependencies = [
 "arrayref",
 "bytemuck",
 "strict-num",
]

[[package]]
name = "tinyvec"
version = "1.8.0"
source = "registry+https://github.com/rust-lang/crates.io-index"
checksum = "445e881f4f6d382d5f27c034e25eb92edd7c784ceab92a0937db7f2e9471b938"
dependencies = [
 "tinyvec_macros",
]

[[package]]
name = "tinyvec_macros"
version = "0.1.1"
source = "registry+https://github.com/rust-lang/crates.io-index"
checksum = "1f3ccbac311fea05f86f61904b462b55fb3df8837a366dfc601a0161d0532f20"

[[package]]
name = "tracing"
version = "0.1.40"
source = "registry+https://github.com/rust-lang/crates.io-index"
checksum = "c3523ab5a71916ccf420eebdf5521fcef02141234bbc0b8a49f2fdc4544364ef"
dependencies = [
 "pin-project-lite",
 "tracing-attributes",
 "tracing-core",
]

[[package]]
name = "tracing-attributes"
version = "0.1.27"
source = "registry+https://github.com/rust-lang/crates.io-index"
checksum = "34704c8d6ebcbc939824180af020566b01a7c01f80641264eba0999f6c2b6be7"
dependencies = [
 "proc-macro2",
 "quote",
 "syn",
]

[[package]]
name = "tracing-core"
version = "0.1.32"
source = "registry+https://github.com/rust-lang/crates.io-index"
checksum = "c06d3da6113f116aaee68e4d601191614c9053067f9ab7f6edbcb161237daa54"
dependencies = [
 "once_cell",
 "valuable",
]

[[package]]
name = "tracing-log"
version = "0.2.0"
source = "registry+https://github.com/rust-lang/crates.io-index"
checksum = "ee855f1f400bd0e5c02d150ae5de3840039a3f54b025156404e34c23c03f47c3"
dependencies = [
 "log",
 "once_cell",
 "tracing-core",
]

[[package]]
name = "tracing-subscriber"
version = "0.3.18"
source = "registry+https://github.com/rust-lang/crates.io-index"
checksum = "ad0f048c97dbd9faa9b7df56362b8ebcaa52adb06b498c050d2f4e32f90a7a8b"
dependencies = [
 "matchers",
 "nu-ansi-term",
 "once_cell",
 "regex",
 "sharded-slab",
 "smallvec",
 "thread_local",
 "tracing",
 "tracing-core",
 "tracing-log",
]

[[package]]
name = "ttf-parser"
version = "0.15.2"
source = "registry+https://github.com/rust-lang/crates.io-index"
checksum = "7b3e06c9b9d80ed6b745c7159c40b311ad2916abb34a49e9be2653b90db0d8dd"

[[package]]
name = "ttf-parser"
version = "0.24.1"
source = "registry+https://github.com/rust-lang/crates.io-index"
checksum = "5be21190ff5d38e8b4a2d3b6a3ae57f612cc39c96e83cedeaf7abc338a8bac4a"
dependencies = [
 "core_maths",
]

[[package]]
name = "unicode-bidi"
version = "0.3.17"
source = "registry+https://github.com/rust-lang/crates.io-index"
checksum = "5ab17db44d7388991a428b2ee655ce0c212e862eff1768a455c58f9aad6e7893"

[[package]]
name = "unicode-bidi-mirroring"
version = "0.3.0"
source = "registry+https://github.com/rust-lang/crates.io-index"
checksum = "64af057ad7466495ca113126be61838d8af947f41d93a949980b2389a118082f"

[[package]]
name = "unicode-ccc"
version = "0.3.0"
source = "registry+https://github.com/rust-lang/crates.io-index"
checksum = "260bc6647b3893a9a90668360803a15f96b85a5257b1c3a0c3daf6ae2496de42"

[[package]]
name = "unicode-ident"
version = "1.0.13"
source = "registry+https://github.com/rust-lang/crates.io-index"
checksum = "e91b56cd4cadaeb79bbf1a5645f6b4f8dc5bde8834ad5894a8db35fda9efa1fe"

[[package]]
name = "unicode-properties"
version = "0.1.3"
source = "registry+https://github.com/rust-lang/crates.io-index"
checksum = "e70f2a8b45122e719eb623c01822704c4e0907e7e426a05927e1a1cfff5b75d0"

[[package]]
name = "unicode-script"
version = "0.5.7"
source = "registry+https://github.com/rust-lang/crates.io-index"
checksum = "9fb421b350c9aff471779e262955939f565ec18b86c15364e6bdf0d662ca7c1f"

[[package]]
name = "unicode-vo"
version = "0.1.0"
source = "registry+https://github.com/rust-lang/crates.io-index"
checksum = "b1d386ff53b415b7fe27b50bb44679e2cc4660272694b7b6f3326d8480823a94"

[[package]]
name = "untrusted"
version = "0.9.0"
source = "registry+https://github.com/rust-lang/crates.io-index"
checksum = "8ecb6da28b8a351d773b68d5825ac39017e680750f980f3a1a85cd8dd28a47c1"

[[package]]
name = "usvg"
version = "0.44.0"
source = "registry+https://github.com/rust-lang/crates.io-index"
checksum = "7447e703d7223b067607655e625e0dbca80822880248937da65966194c4864e6"
dependencies = [
 "base64",
 "data-url",
 "flate2",
 "fontdb",
 "imagesize",
 "kurbo",
 "log",
 "pico-args",
 "roxmltree",
 "rustybuzz",
 "simplecss",
 "siphasher",
 "strict-num",
 "svgtypes",
 "tiny-skia-path",
 "unicode-bidi",
 "unicode-script",
 "unicode-vo",
 "xmlwriter",
]

[[package]]
name = "valuable"
version = "0.1.0"
source = "registry+https://github.com/rust-lang/crates.io-index"
checksum = "830b7e5d4d90034032940e4ace0d9a9a057e7a45cd94e6c007832e39edb82f6d"

[[package]]
name = "version_check"
version = "0.9.5"
source = "registry+https://github.com/rust-lang/crates.io-index"
checksum = "0b928f33d975fc6ad9f86c8f283853ad26bdd5b10b7f1542aa2fa15e2289105a"

[[package]]
name = "walkdir"
version = "2.5.0"
source = "registry+https://github.com/rust-lang/crates.io-index"
checksum = "29790946404f91d9c5d06f9874efddea1dc06c5efe94541a7d6863108e3a5e4b"
dependencies = [
 "same-file",
 "winapi-util",
]

[[package]]
name = "wasi"
version = "0.11.0+wasi-snapshot-preview1"
source = "registry+https://github.com/rust-lang/crates.io-index"
checksum = "9c8d87e72b64a3b4db28d11ce29237c246188f4f51057d65a7eab63b7987e423"

[[package]]
name = "webpki-root-certs"
version = "0.26.6"
source = "registry+https://github.com/rust-lang/crates.io-index"
checksum = "e8c6dfa3ac045bc517de14c7b1384298de1dbd229d38e08e169d9ae8c170937c"
dependencies = [
 "rustls-pki-types",
]

[[package]]
name = "weezl"
version = "0.1.8"
source = "registry+https://github.com/rust-lang/crates.io-index"
checksum = "53a85b86a771b1c87058196170769dd264f66c0782acf1ae6cc51bfd64b39082"

[[package]]
name = "which"
version = "4.4.2"
source = "registry+https://github.com/rust-lang/crates.io-index"
checksum = "87ba24419a2078cd2b0f2ede2691b6c66d8e47836da3b6db8265ebad47afbfc7"
dependencies = [
 "either",
 "home",
 "once_cell",
 "rustix",
]

[[package]]
name = "winapi"
version = "0.3.9"
source = "registry+https://github.com/rust-lang/crates.io-index"
checksum = "5c839a674fcd7a98952e593242ea400abe93992746761e38641405d28b00f419"
dependencies = [
 "winapi-i686-pc-windows-gnu",
 "winapi-x86_64-pc-windows-gnu",
]

[[package]]
name = "winapi-i686-pc-windows-gnu"
version = "0.4.0"
source = "registry+https://github.com/rust-lang/crates.io-index"
checksum = "ac3b87c63620426dd9b991e5ce0329eff545bccbbb34f3be09ff6fb6ab51b7b6"

[[package]]
name = "winapi-util"
version = "0.1.9"
source = "registry+https://github.com/rust-lang/crates.io-index"
checksum = "cf221c93e13a30d793f7645a0e7762c55d169dbb0a49671918a2319d289b10bb"
dependencies = [
 "windows-sys 0.59.0",
]

[[package]]
name = "winapi-x86_64-pc-windows-gnu"
version = "0.4.0"
source = "registry+https://github.com/rust-lang/crates.io-index"
checksum = "712e227841d057c1ee1cd2fb22fa7e5a5461ae8e48fa2ca79ec42cfc1931183f"

[[package]]
name = "windows-sys"
version = "0.52.0"
source = "registry+https://github.com/rust-lang/crates.io-index"
checksum = "282be5f36a8ce781fad8c8ae18fa3f9beff57ec1b52cb3de0789201425d9a33d"
dependencies = [
 "windows-targets",
]

[[package]]
name = "windows-sys"
version = "0.59.0"
source = "registry+https://github.com/rust-lang/crates.io-index"
checksum = "1e38bc4d79ed67fd075bcc251a1c39b32a1776bbe92e5bef1f0bf1f8c531853b"
dependencies = [
 "windows-targets",
]

[[package]]
name = "windows-targets"
version = "0.52.6"
source = "registry+https://github.com/rust-lang/crates.io-index"
checksum = "9b724f72796e036ab90c1021d4780d4d3d648aca59e491e6b98e725b84e99973"
dependencies = [
 "windows_aarch64_gnullvm",
 "windows_aarch64_msvc",
 "windows_i686_gnu",
 "windows_i686_gnullvm",
 "windows_i686_msvc",
 "windows_x86_64_gnu",
 "windows_x86_64_gnullvm",
 "windows_x86_64_msvc",
]

[[package]]
name = "windows_aarch64_gnullvm"
version = "0.52.6"
source = "registry+https://github.com/rust-lang/crates.io-index"
checksum = "32a4622180e7a0ec044bb555404c800bc9fd9ec262ec147edd5989ccd0c02cd3"

[[package]]
name = "windows_aarch64_msvc"
version = "0.52.6"
source = "registry+https://github.com/rust-lang/crates.io-index"
checksum = "09ec2a7bb152e2252b53fa7803150007879548bc709c039df7627cabbd05d469"

[[package]]
name = "windows_i686_gnu"
version = "0.52.6"
source = "registry+https://github.com/rust-lang/crates.io-index"
checksum = "8e9b5ad5ab802e97eb8e295ac6720e509ee4c243f69d781394014ebfe8bbfa0b"

[[package]]
name = "windows_i686_gnullvm"
version = "0.52.6"
source = "registry+https://github.com/rust-lang/crates.io-index"
checksum = "0eee52d38c090b3caa76c563b86c3a4bd71ef1a819287c19d586d7334ae8ed66"

[[package]]
name = "windows_i686_msvc"
version = "0.52.6"
source = "registry+https://github.com/rust-lang/crates.io-index"
checksum = "240948bc05c5e7c6dabba28bf89d89ffce3e303022809e73deaefe4f6ec56c66"

[[package]]
name = "windows_x86_64_gnu"
version = "0.52.6"
source = "registry+https://github.com/rust-lang/crates.io-index"
checksum = "147a5c80aabfbf0c7d901cb5895d1de30ef2907eb21fbbab29ca94c5b08b1a78"

[[package]]
name = "windows_x86_64_gnullvm"
version = "0.52.6"
source = "registry+https://github.com/rust-lang/crates.io-index"
checksum = "24d5b23dc417412679681396f2b49f3de8c1473deb516bd34410872eff51ed0d"

[[package]]
name = "windows_x86_64_msvc"
version = "0.52.6"
source = "registry+https://github.com/rust-lang/crates.io-index"
checksum = "589f6da84c646204747d1270a2a5661ea66ed1cced2631d546fdfb155959f9ec"

[[package]]
name = "xmlwriter"
version = "0.1.0"
source = "registry+https://github.com/rust-lang/crates.io-index"
checksum = "ec7a2a501ed189703dba8b08142f057e887dfc4b2cc4db2d343ac6376ba3e0b9"

[[package]]
name = "zerocopy"
version = "0.7.35"
source = "registry+https://github.com/rust-lang/crates.io-index"
checksum = "1b9b4fd18abc82b8136838da5d50bae7bdea537c574d8dc1a34ed098d6c166f0"
dependencies = [
 "zerocopy-derive",
]

[[package]]
name = "zerocopy-derive"
version = "0.7.35"
source = "registry+https://github.com/rust-lang/crates.io-index"
checksum = "fa4f8080344d4671fb4e831a13ad1e68092748387dfc4f55e356242fae12ce3e"
dependencies = [
 "proc-macro2",
 "quote",
 "syn",
]

[[package]]
name = "zeroize"
version = "1.8.1"
source = "registry+https://github.com/rust-lang/crates.io-index"
checksum = "ced3678a2879b30306d323f4542626697a464a97c0a07c9aebf7ebca65cd4dde"

[[package]]
name = "zune-core"
version = "0.4.12"
source = "registry+https://github.com/rust-lang/crates.io-index"
checksum = "3f423a2c17029964870cfaabb1f13dfab7d092a62a29a89264f4d36990ca414a"

[[package]]
name = "zune-jpeg"
version = "0.4.13"
source = "registry+https://github.com/rust-lang/crates.io-index"
checksum = "16099418600b4d8f028622f73ff6e3deaabdff330fb9a2a131dea781ee8b0768"
dependencies = [
 "zune-core",
]
